// !$*UTF8*$!
{
	archiveVersion = 1;
	classes = {
	};
	objectVersion = 55;
	objects = {

/* Begin PBXBuildFile section */
		813B04912713FDB700F484B2 /* AppDelegate.swift in Sources */ = {isa = PBXBuildFile; fileRef = 813B04902713FDB700F484B2 /* AppDelegate.swift */; };
		813B04932713FDB700F484B2 /* SceneDelegate.swift in Sources */ = {isa = PBXBuildFile; fileRef = 813B04922713FDB700F484B2 /* SceneDelegate.swift */; };
		813B04952713FDB700F484B2 /* ViewController.swift in Sources */ = {isa = PBXBuildFile; fileRef = 813B04942713FDB700F484B2 /* ViewController.swift */; };
		813B04982713FDB700F484B2 /* Main.storyboard in Resources */ = {isa = PBXBuildFile; fileRef = 813B04962713FDB700F484B2 /* Main.storyboard */; };
		813B049A2713FDC100F484B2 /* Assets.xcassets in Resources */ = {isa = PBXBuildFile; fileRef = 813B04992713FDC100F484B2 /* Assets.xcassets */; };
		813B049D2713FDC100F484B2 /* LaunchScreen.storyboard in Resources */ = {isa = PBXBuildFile; fileRef = 813B049B2713FDC100F484B2 /* LaunchScreen.storyboard */; };
		813B04A82713FDC200F484B2 /* TakAssessimentTests.swift in Sources */ = {isa = PBXBuildFile; fileRef = 813B04A72713FDC200F484B2 /* TakAssessimentTests.swift */; };
		813B04B22713FDC200F484B2 /* TakAssessimentUITests.swift in Sources */ = {isa = PBXBuildFile; fileRef = 813B04B12713FDC200F484B2 /* TakAssessimentUITests.swift */; };
		813B04B42713FDC200F484B2 /* TakAssessimentUITestsLaunchTests.swift in Sources */ = {isa = PBXBuildFile; fileRef = 813B04B32713FDC200F484B2 /* TakAssessimentUITestsLaunchTests.swift */; };
/* End PBXBuildFile section */

/* Begin PBXContainerItemProxy section */
		813B04A42713FDC200F484B2 /* PBXContainerItemProxy */ = {
			isa = PBXContainerItemProxy;
			containerPortal = 813B04852713FDB700F484B2 /* Project object */;
			proxyType = 1;
			remoteGlobalIDString = 813B048C2713FDB700F484B2;
			remoteInfo = TakAssessiment;
		};
		813B04AE2713FDC200F484B2 /* PBXContainerItemProxy */ = {
			isa = PBXContainerItemProxy;
			containerPortal = 813B04852713FDB700F484B2 /* Project object */;
			proxyType = 1;
			remoteGlobalIDString = 813B048C2713FDB700F484B2;
			remoteInfo = TakAssessiment;
		};
/* End PBXContainerItemProxy section */

/* Begin PBXFileReference section */
		813B048D2713FDB700F484B2 /* TakAssessiment.app */ = {isa = PBXFileReference; explicitFileType = wrapper.application; includeInIndex = 0; path = TakAssessiment.app; sourceTree = BUILT_PRODUCTS_DIR; };
		813B04902713FDB700F484B2 /* AppDelegate.swift */ = {isa = PBXFileReference; lastKnownFileType = sourcecode.swift; path = AppDelegate.swift; sourceTree = "<group>"; };
		813B04922713FDB700F484B2 /* SceneDelegate.swift */ = {isa = PBXFileReference; lastKnownFileType = sourcecode.swift; path = SceneDelegate.swift; sourceTree = "<group>"; };
		813B04942713FDB700F484B2 /* ViewController.swift */ = {isa = PBXFileReference; lastKnownFileType = sourcecode.swift; path = ViewController.swift; sourceTree = "<group>"; };
		813B04972713FDB700F484B2 /* Base */ = {isa = PBXFileReference; lastKnownFileType = file.storyboard; name = Base; path = Base.lproj/Main.storyboard; sourceTree = "<group>"; };
		813B04992713FDC100F484B2 /* Assets.xcassets */ = {isa = PBXFileReference; lastKnownFileType = folder.assetcatalog; path = Assets.xcassets; sourceTree = "<group>"; };
		813B049C2713FDC100F484B2 /* Base */ = {isa = PBXFileReference; lastKnownFileType = file.storyboard; name = Base; path = Base.lproj/LaunchScreen.storyboard; sourceTree = "<group>"; };
		813B049E2713FDC100F484B2 /* Info.plist */ = {isa = PBXFileReference; lastKnownFileType = text.plist.xml; path = Info.plist; sourceTree = "<group>"; };
		813B04A32713FDC200F484B2 /* TakAssessimentTests.xctest */ = {isa = PBXFileReference; explicitFileType = wrapper.cfbundle; includeInIndex = 0; path = TakAssessimentTests.xctest; sourceTree = BUILT_PRODUCTS_DIR; };
		813B04A72713FDC200F484B2 /* TakAssessimentTests.swift */ = {isa = PBXFileReference; lastKnownFileType = sourcecode.swift; path = TakAssessimentTests.swift; sourceTree = "<group>"; };
		813B04AD2713FDC200F484B2 /* TakAssessimentUITests.xctest */ = {isa = PBXFileReference; explicitFileType = wrapper.cfbundle; includeInIndex = 0; path = TakAssessimentUITests.xctest; sourceTree = BUILT_PRODUCTS_DIR; };
		813B04B12713FDC200F484B2 /* TakAssessimentUITests.swift */ = {isa = PBXFileReference; lastKnownFileType = sourcecode.swift; path = TakAssessimentUITests.swift; sourceTree = "<group>"; };
		813B04B32713FDC200F484B2 /* TakAssessimentUITestsLaunchTests.swift */ = {isa = PBXFileReference; lastKnownFileType = sourcecode.swift; path = TakAssessimentUITestsLaunchTests.swift; sourceTree = "<group>"; };
/* End PBXFileReference section */

/* Begin PBXFrameworksBuildPhase section */
		813B048A2713FDB700F484B2 /* Frameworks */ = {
			isa = PBXFrameworksBuildPhase;
			buildActionMask = 2147483647;
			files = (
			);
			runOnlyForDeploymentPostprocessing = 0;
		};
		813B04A02713FDC200F484B2 /* Frameworks */ = {
			isa = PBXFrameworksBuildPhase;
			buildActionMask = 2147483647;
			files = (
			);
			runOnlyForDeploymentPostprocessing = 0;
		};
		813B04AA2713FDC200F484B2 /* Frameworks */ = {
			isa = PBXFrameworksBuildPhase;
			buildActionMask = 2147483647;
			files = (
			);
			runOnlyForDeploymentPostprocessing = 0;
		};
/* End PBXFrameworksBuildPhase section */

/* Begin PBXGroup section */
		813B04842713FDB700F484B2 = {
			isa = PBXGroup;
			children = (
				813B048F2713FDB700F484B2 /* TakAssessiment */,
				813B04A62713FDC200F484B2 /* TakAssessimentTests */,
				813B04B02713FDC200F484B2 /* TakAssessimentUITests */,
				813B048E2713FDB700F484B2 /* Products */,
			);
			sourceTree = "<group>";
		};
		813B048E2713FDB700F484B2 /* Products */ = {
			isa = PBXGroup;
			children = (
				813B048D2713FDB700F484B2 /* TakAssessiment.app */,
				813B04A32713FDC200F484B2 /* TakAssessimentTests.xctest */,
				813B04AD2713FDC200F484B2 /* TakAssessimentUITests.xctest */,
			);
			name = Products;
			sourceTree = "<group>";
		};
		813B048F2713FDB700F484B2 /* TakAssessiment */ = {
			isa = PBXGroup;
			children = (
				813B04902713FDB700F484B2 /* AppDelegate.swift */,
				813B04922713FDB700F484B2 /* SceneDelegate.swift */,
				813B04942713FDB700F484B2 /* ViewController.swift */,
				813B04962713FDB700F484B2 /* Main.storyboard */,
				813B04992713FDC100F484B2 /* Assets.xcassets */,
				813B049B2713FDC100F484B2 /* LaunchScreen.storyboard */,
				813B049E2713FDC100F484B2 /* Info.plist */,
			);
			path = TakAssessiment;
			sourceTree = "<group>";
		};
		813B04A62713FDC200F484B2 /* TakAssessimentTests */ = {
			isa = PBXGroup;
			children = (
				813B04A72713FDC200F484B2 /* TakAssessimentTests.swift */,
			);
			path = TakAssessimentTests;
			sourceTree = "<group>";
		};
		813B04B02713FDC200F484B2 /* TakAssessimentUITests */ = {
			isa = PBXGroup;
			children = (
				813B04B12713FDC200F484B2 /* TakAssessimentUITests.swift */,
				813B04B32713FDC200F484B2 /* TakAssessimentUITestsLaunchTests.swift */,
			);
			path = TakAssessimentUITests;
			sourceTree = "<group>";
		};
/* End PBXGroup section */

/* Begin PBXNativeTarget section */
		813B048C2713FDB700F484B2 /* TakAssessiment */ = {
			isa = PBXNativeTarget;
			buildConfigurationList = 813B04B72713FDC200F484B2 /* Build configuration list for PBXNativeTarget "TakAssessiment" */;
			buildPhases = (
				813B04892713FDB700F484B2 /* Sources */,
				813B048A2713FDB700F484B2 /* Frameworks */,
				813B048B2713FDB700F484B2 /* Resources */,
			);
			buildRules = (
			);
			dependencies = (
			);
			name = TakAssessiment;
			productName = TakAssessiment;
			productReference = 813B048D2713FDB700F484B2 /* TakAssessiment.app */;
			productType = "com.apple.product-type.application";
		};
		813B04A22713FDC200F484B2 /* TakAssessimentTests */ = {
			isa = PBXNativeTarget;
			buildConfigurationList = 813B04BA2713FDC200F484B2 /* Build configuration list for PBXNativeTarget "TakAssessimentTests" */;
			buildPhases = (
				813B049F2713FDC200F484B2 /* Sources */,
				813B04A02713FDC200F484B2 /* Frameworks */,
				813B04A12713FDC200F484B2 /* Resources */,
			);
			buildRules = (
			);
			dependencies = (
				813B04A52713FDC200F484B2 /* PBXTargetDependency */,
			);
			name = TakAssessimentTests;
			productName = TakAssessimentTests;
			productReference = 813B04A32713FDC200F484B2 /* TakAssessimentTests.xctest */;
			productType = "com.apple.product-type.bundle.unit-test";
		};
		813B04AC2713FDC200F484B2 /* TakAssessimentUITests */ = {
			isa = PBXNativeTarget;
			buildConfigurationList = 813B04BD2713FDC200F484B2 /* Build configuration list for PBXNativeTarget "TakAssessimentUITests" */;
			buildPhases = (
				813B04A92713FDC200F484B2 /* Sources */,
				813B04AA2713FDC200F484B2 /* Frameworks */,
				813B04AB2713FDC200F484B2 /* Resources */,
			);
			buildRules = (
			);
			dependencies = (
				813B04AF2713FDC200F484B2 /* PBXTargetDependency */,
			);
			name = TakAssessimentUITests;
			productName = TakAssessimentUITests;
			productReference = 813B04AD2713FDC200F484B2 /* TakAssessimentUITests.xctest */;
			productType = "com.apple.product-type.bundle.ui-testing";
		};
/* End PBXNativeTarget section */

/* Begin PBXProject section */
		813B04852713FDB700F484B2 /* Project object */ = {
			isa = PBXProject;
			attributes = {
				BuildIndependentTargetsInParallel = 1;
				LastSwiftUpdateCheck = 1300;
				LastUpgradeCheck = 1300;
				TargetAttributes = {
					813B048C2713FDB700F484B2 = {
						CreatedOnToolsVersion = 13.0;
					};
					813B04A22713FDC200F484B2 = {
						CreatedOnToolsVersion = 13.0;
						TestTargetID = 813B048C2713FDB700F484B2;
					};
					813B04AC2713FDC200F484B2 = {
						CreatedOnToolsVersion = 13.0;
						TestTargetID = 813B048C2713FDB700F484B2;
					};
				};
			};
			buildConfigurationList = 813B04882713FDB700F484B2 /* Build configuration list for PBXProject "TakAssessiment" */;
			compatibilityVersion = "Xcode 13.0";
			developmentRegion = en;
			hasScannedForEncodings = 0;
			knownRegions = (
				en,
				Base,
			);
			mainGroup = 813B04842713FDB700F484B2;
			productRefGroup = 813B048E2713FDB700F484B2 /* Products */;
			projectDirPath = "";
			projectRoot = "";
			targets = (
				813B048C2713FDB700F484B2 /* TakAssessiment */,
				813B04A22713FDC200F484B2 /* TakAssessimentTests */,
				813B04AC2713FDC200F484B2 /* TakAssessimentUITests */,
			);
		};
/* End PBXProject section */

/* Begin PBXResourcesBuildPhase section */
		813B048B2713FDB700F484B2 /* Resources */ = {
			isa = PBXResourcesBuildPhase;
			buildActionMask = 2147483647;
			files = (
				813B049D2713FDC100F484B2 /* LaunchScreen.storyboard in Resources */,
				813B049A2713FDC100F484B2 /* Assets.xcassets in Resources */,
				813B04982713FDB700F484B2 /* Main.storyboard in Resources */,
			);
			runOnlyForDeploymentPostprocessing = 0;
		};
		813B04A12713FDC200F484B2 /* Resources */ = {
			isa = PBXResourcesBuildPhase;
			buildActionMask = 2147483647;
			files = (
			);
			runOnlyForDeploymentPostprocessing = 0;
		};
		813B04AB2713FDC200F484B2 /* Resources */ = {
			isa = PBXResourcesBuildPhase;
			buildActionMask = 2147483647;
			files = (
			);
			runOnlyForDeploymentPostprocessing = 0;
		};
/* End PBXResourcesBuildPhase section */

/* Begin PBXSourcesBuildPhase section */
		813B04892713FDB700F484B2 /* Sources */ = {
			isa = PBXSourcesBuildPhase;
			buildActionMask = 2147483647;
			files = (
				813B04952713FDB700F484B2 /* ViewController.swift in Sources */,
				813B04912713FDB700F484B2 /* AppDelegate.swift in Sources */,
				813B04932713FDB700F484B2 /* SceneDelegate.swift in Sources */,
			);
			runOnlyForDeploymentPostprocessing = 0;
		};
		813B049F2713FDC200F484B2 /* Sources */ = {
			isa = PBXSourcesBuildPhase;
			buildActionMask = 2147483647;
			files = (
				813B04A82713FDC200F484B2 /* TakAssessimentTests.swift in Sources */,
			);
			runOnlyForDeploymentPostprocessing = 0;
		};
		813B04A92713FDC200F484B2 /* Sources */ = {
			isa = PBXSourcesBuildPhase;
			buildActionMask = 2147483647;
			files = (
				813B04B22713FDC200F484B2 /* TakAssessimentUITests.swift in Sources */,
				813B04B42713FDC200F484B2 /* TakAssessimentUITestsLaunchTests.swift in Sources */,
			);
			runOnlyForDeploymentPostprocessing = 0;
		};
/* End PBXSourcesBuildPhase section */

/* Begin PBXTargetDependency section */
		813B04A52713FDC200F484B2 /* PBXTargetDependency */ = {
			isa = PBXTargetDependency;
			target = 813B048C2713FDB700F484B2 /* TakAssessiment */;
			targetProxy = 813B04A42713FDC200F484B2 /* PBXContainerItemProxy */;
		};
		813B04AF2713FDC200F484B2 /* PBXTargetDependency */ = {
			isa = PBXTargetDependency;
			target = 813B048C2713FDB700F484B2 /* TakAssessiment */;
			targetProxy = 813B04AE2713FDC200F484B2 /* PBXContainerItemProxy */;
		};
/* End PBXTargetDependency section */

/* Begin PBXVariantGroup section */
		813B04962713FDB700F484B2 /* Main.storyboard */ = {
			isa = PBXVariantGroup;
			children = (
				813B04972713FDB700F484B2 /* Base */,
			);
			name = Main.storyboard;
			sourceTree = "<group>";
		};
		813B049B2713FDC100F484B2 /* LaunchScreen.storyboard */ = {
			isa = PBXVariantGroup;
			children = (
				813B049C2713FDC100F484B2 /* Base */,
			);
			name = LaunchScreen.storyboard;
			sourceTree = "<group>";
		};
/* End PBXVariantGroup section */

/* Begin XCBuildConfiguration section */
		813B04B52713FDC200F484B2 /* Debug */ = {
			isa = XCBuildConfiguration;
			buildSettings = {
				ALWAYS_SEARCH_USER_PATHS = NO;
				CLANG_ANALYZER_NONNULL = YES;
				CLANG_ANALYZER_NUMBER_OBJECT_CONVERSION = YES_AGGRESSIVE;
				CLANG_CXX_LANGUAGE_STANDARD = "gnu++17";
				CLANG_CXX_LIBRARY = "libc++";
				CLANG_ENABLE_MODULES = YES;
				CLANG_ENABLE_OBJC_ARC = YES;
				CLANG_ENABLE_OBJC_WEAK = YES;
				CLANG_WARN_BLOCK_CAPTURE_AUTORELEASING = YES;
				CLANG_WARN_BOOL_CONVERSION = YES;
				CLANG_WARN_COMMA = YES;
				CLANG_WARN_CONSTANT_CONVERSION = YES;
				CLANG_WARN_DEPRECATED_OBJC_IMPLEMENTATIONS = YES;
				CLANG_WARN_DIRECT_OBJC_ISA_USAGE = YES_ERROR;
				CLANG_WARN_DOCUMENTATION_COMMENTS = YES;
				CLANG_WARN_EMPTY_BODY = YES;
				CLANG_WARN_ENUM_CONVERSION = YES;
				CLANG_WARN_INFINITE_RECURSION = YES;
				CLANG_WARN_INT_CONVERSION = YES;
				CLANG_WARN_NON_LITERAL_NULL_CONVERSION = YES;
				CLANG_WARN_OBJC_IMPLICIT_RETAIN_SELF = YES;
				CLANG_WARN_OBJC_LITERAL_CONVERSION = YES;
				CLANG_WARN_OBJC_ROOT_CLASS = YES_ERROR;
				CLANG_WARN_QUOTED_INCLUDE_IN_FRAMEWORK_HEADER = YES;
				CLANG_WARN_RANGE_LOOP_ANALYSIS = YES;
				CLANG_WARN_STRICT_PROTOTYPES = YES;
				CLANG_WARN_SUSPICIOUS_MOVE = YES;
				CLANG_WARN_UNGUARDED_AVAILABILITY = YES_AGGRESSIVE;
				CLANG_WARN_UNREACHABLE_CODE = YES;
				CLANG_WARN__DUPLICATE_METHOD_MATCH = YES;
				COPY_PHASE_STRIP = NO;
				DEBUG_INFORMATION_FORMAT = dwarf;
				ENABLE_STRICT_OBJC_MSGSEND = YES;
				ENABLE_TESTABILITY = YES;
				GCC_C_LANGUAGE_STANDARD = gnu11;
				GCC_DYNAMIC_NO_PIC = NO;
				GCC_NO_COMMON_BLOCKS = YES;
				GCC_OPTIMIZATION_LEVEL = 0;
				GCC_PREPROCESSOR_DEFINITIONS = (
					"DEBUG=1",
					"$(inherited)",
				);
				GCC_WARN_64_TO_32_BIT_CONVERSION = YES;
				GCC_WARN_ABOUT_RETURN_TYPE = YES_ERROR;
				GCC_WARN_UNDECLARED_SELECTOR = YES;
				GCC_WARN_UNINITIALIZED_AUTOS = YES_AGGRESSIVE;
				GCC_WARN_UNUSED_FUNCTION = YES;
				GCC_WARN_UNUSED_VARIABLE = YES;
				IPHONEOS_DEPLOYMENT_TARGET = 15.0;
				MTL_ENABLE_DEBUG_INFO = INCLUDE_SOURCE;
				MTL_FAST_MATH = YES;
				ONLY_ACTIVE_ARCH = YES;
				SDKROOT = iphoneos;
				SWIFT_ACTIVE_COMPILATION_CONDITIONS = DEBUG;
				SWIFT_OPTIMIZATION_LEVEL = "-Onone";
			};
			name = Debug;
		};
		813B04B62713FDC200F484B2 /* Release */ = {
			isa = XCBuildConfiguration;
			buildSettings = {
				ALWAYS_SEARCH_USER_PATHS = NO;
				CLANG_ANALYZER_NONNULL = YES;
				CLANG_ANALYZER_NUMBER_OBJECT_CONVERSION = YES_AGGRESSIVE;
				CLANG_CXX_LANGUAGE_STANDARD = "gnu++17";
				CLANG_CXX_LIBRARY = "libc++";
				CLANG_ENABLE_MODULES = YES;
				CLANG_ENABLE_OBJC_ARC = YES;
				CLANG_ENABLE_OBJC_WEAK = YES;
				CLANG_WARN_BLOCK_CAPTURE_AUTORELEASING = YES;
				CLANG_WARN_BOOL_CONVERSION = YES;
				CLANG_WARN_COMMA = YES;
				CLANG_WARN_CONSTANT_CONVERSION = YES;
				CLANG_WARN_DEPRECATED_OBJC_IMPLEMENTATIONS = YES;
				CLANG_WARN_DIRECT_OBJC_ISA_USAGE = YES_ERROR;
				CLANG_WARN_DOCUMENTATION_COMMENTS = YES;
				CLANG_WARN_EMPTY_BODY = YES;
				CLANG_WARN_ENUM_CONVERSION = YES;
				CLANG_WARN_INFINITE_RECURSION = YES;
				CLANG_WARN_INT_CONVERSION = YES;
				CLANG_WARN_NON_LITERAL_NULL_CONVERSION = YES;
				CLANG_WARN_OBJC_IMPLICIT_RETAIN_SELF = YES;
				CLANG_WARN_OBJC_LITERAL_CONVERSION = YES;
				CLANG_WARN_OBJC_ROOT_CLASS = YES_ERROR;
				CLANG_WARN_QUOTED_INCLUDE_IN_FRAMEWORK_HEADER = YES;
				CLANG_WARN_RANGE_LOOP_ANALYSIS = YES;
				CLANG_WARN_STRICT_PROTOTYPES = YES;
				CLANG_WARN_SUSPICIOUS_MOVE = YES;
				CLANG_WARN_UNGUARDED_AVAILABILITY = YES_AGGRESSIVE;
				CLANG_WARN_UNREACHABLE_CODE = YES;
				CLANG_WARN__DUPLICATE_METHOD_MATCH = YES;
				COPY_PHASE_STRIP = NO;
				DEBUG_INFORMATION_FORMAT = "dwarf-with-dsym";
				ENABLE_NS_ASSERTIONS = NO;
				ENABLE_STRICT_OBJC_MSGSEND = YES;
				GCC_C_LANGUAGE_STANDARD = gnu11;
				GCC_NO_COMMON_BLOCKS = YES;
				GCC_WARN_64_TO_32_BIT_CONVERSION = YES;
				GCC_WARN_ABOUT_RETURN_TYPE = YES_ERROR;
				GCC_WARN_UNDECLARED_SELECTOR = YES;
				GCC_WARN_UNINITIALIZED_AUTOS = YES_AGGRESSIVE;
				GCC_WARN_UNUSED_FUNCTION = YES;
				GCC_WARN_UNUSED_VARIABLE = YES;
				IPHONEOS_DEPLOYMENT_TARGET = 15.0;
				MTL_ENABLE_DEBUG_INFO = NO;
				MTL_FAST_MATH = YES;
				SDKROOT = iphoneos;
				SWIFT_COMPILATION_MODE = wholemodule;
				SWIFT_OPTIMIZATION_LEVEL = "-O";
				VALIDATE_PRODUCT = YES;
			};
			name = Release;
		};
		813B04B82713FDC200F484B2 /* Debug */ = {
			isa = XCBuildConfiguration;
			buildSettings = {
				ASSETCATALOG_COMPILER_APPICON_NAME = AppIcon;
				ASSETCATALOG_COMPILER_GLOBAL_ACCENT_COLOR_NAME = AccentColor;
				CODE_SIGN_STYLE = Automatic;
				CURRENT_PROJECT_VERSION = 1;
				GENERATE_INFOPLIST_FILE = YES;
				INFOPLIST_FILE = TakAssessiment/Info.plist;
				INFOPLIST_KEY_UIApplicationSupportsIndirectInputEvents = YES;
				INFOPLIST_KEY_UILaunchStoryboardName = LaunchScreen;
				INFOPLIST_KEY_UIMainStoryboardFile = Main;
				INFOPLIST_KEY_UISupportedInterfaceOrientations_iPad = "UIInterfaceOrientationPortrait UIInterfaceOrientationPortraitUpsideDown UIInterfaceOrientationLandscapeLeft UIInterfaceOrientationLandscapeRight";
				INFOPLIST_KEY_UISupportedInterfaceOrientations_iPhone = "UIInterfaceOrientationPortrait UIInterfaceOrientationLandscapeLeft UIInterfaceOrientationLandscapeRight";
				LD_RUNPATH_SEARCH_PATHS = (
					"$(inherited)",
					"@executable_path/Frameworks",
				);
				MARKETING_VERSION = 1.0;
				PRODUCT_BUNDLE_IDENTIFIER = com.seken.TakAssessiment;
				PRODUCT_NAME = "$(TARGET_NAME)";
				SWIFT_EMIT_LOC_STRINGS = YES;
				SWIFT_VERSION = 5.0;
				TARGETED_DEVICE_FAMILY = "1,2";
			};
			name = Debug;
		};
		813B04B92713FDC200F484B2 /* Release */ = {
			isa = XCBuildConfiguration;
			buildSettings = {
				ASSETCATALOG_COMPILER_APPICON_NAME = AppIcon;
				ASSETCATALOG_COMPILER_GLOBAL_ACCENT_COLOR_NAME = AccentColor;
				CODE_SIGN_STYLE = Automatic;
				CURRENT_PROJECT_VERSION = 1;
				GENERATE_INFOPLIST_FILE = YES;
				INFOPLIST_FILE = TakAssessiment/Info.plist;
				INFOPLIST_KEY_UIApplicationSupportsIndirectInputEvents = YES;
				INFOPLIST_KEY_UILaunchStoryboardName = LaunchScreen;
				INFOPLIST_KEY_UIMainStoryboardFile = Main;
				INFOPLIST_KEY_UISupportedInterfaceOrientations_iPad = "UIInterfaceOrientationPortrait UIInterfaceOrientationPortraitUpsideDown UIInterfaceOrientationLandscapeLeft UIInterfaceOrientationLandscapeRight";
				INFOPLIST_KEY_UISupportedInterfaceOrientations_iPhone = "UIInterfaceOrientationPortrait UIInterfaceOrientationLandscapeLeft UIInterfaceOrientationLandscapeRight";
				LD_RUNPATH_SEARCH_PATHS = (
					"$(inherited)",
					"@executable_path/Frameworks",
				);
				MARKETING_VERSION = 1.0;
				PRODUCT_BUNDLE_IDENTIFIER = com.seken.TakAssessiment;
				PRODUCT_NAME = "$(TARGET_NAME)";
				SWIFT_EMIT_LOC_STRINGS = YES;
				SWIFT_VERSION = 5.0;
				TARGETED_DEVICE_FAMILY = "1,2";
			};
			name = Release;
		};
		813B04BB2713FDC200F484B2 /* Debug */ = {
			isa = XCBuildConfiguration;
			buildSettings = {
				ALWAYS_EMBED_SWIFT_STANDARD_LIBRARIES = YES;
				BUNDLE_LOADER = "$(TEST_HOST)";
				CODE_SIGN_STYLE = Automatic;
				CURRENT_PROJECT_VERSION = 1;
				GENERATE_INFOPLIST_FILE = YES;
				IPHONEOS_DEPLOYMENT_TARGET = 15.0;
				LD_RUNPATH_SEARCH_PATHS = (
					"$(inherited)",
					"@executable_path/Frameworks",
					"@loader_path/Frameworks",
				);
				MARKETING_VERSION = 1.0;
				PRODUCT_BUNDLE_IDENTIFIER = com.seken.TakAssessimentTests;
				PRODUCT_NAME = "$(TARGET_NAME)";
				SWIFT_EMIT_LOC_STRINGS = NO;
				SWIFT_VERSION = 5.0;
				TARGETED_DEVICE_FAMILY = "1,2";
				TEST_HOST = "$(BUILT_PRODUCTS_DIR)/TakAssessiment.app/TakAssessiment";
			};
			name = Debug;
		};
		813B04BC2713FDC200F484B2 /* Release */ = {
			isa = XCBuildConfiguration;
			buildSettings = {
				ALWAYS_EMBED_SWIFT_STANDARD_LIBRARIES = YES;
				BUNDLE_LOADER = "$(TEST_HOST)";
				CODE_SIGN_STYLE = Automatic;
				CURRENT_PROJECT_VERSION = 1;
				GENERATE_INFOPLIST_FILE = YES;
				IPHONEOS_DEPLOYMENT_TARGET = 15.0;
				LD_RUNPATH_SEARCH_PATHS = (
					"$(inherited)",
					"@executable_path/Frameworks",
					"@loader_path/Frameworks",
				);
				MARKETING_VERSION = 1.0;
				PRODUCT_BUNDLE_IDENTIFIER = com.seken.TakAssessimentTests;
				PRODUCT_NAME = "$(TARGET_NAME)";
				SWIFT_EMIT_LOC_STRINGS = NO;
				SWIFT_VERSION = 5.0;
				TARGETED_DEVICE_FAMILY = "1,2";
				TEST_HOST = "$(BUILT_PRODUCTS_DIR)/TakAssessiment.app/TakAssessiment";
			};
			name = Release;
		};
		813B04BE2713FDC200F484B2 /* Debug */ = {
			isa = XCBuildConfiguration;
			buildSettings = {
				ALWAYS_EMBED_SWIFT_STANDARD_LIBRARIES = YES;
				CODE_SIGN_STYLE = Automatic;
				CURRENT_PROJECT_VERSION = 1;
				GENERATE_INFOPLIST_FILE = YES;
				LD_RUNPATH_SEARCH_PATHS = (
					"$(inherited)",
					"@executable_path/Frameworks",
					"@loader_path/Frameworks",
				);
				MARKETING_VERSION = 1.0;
				PRODUCT_BUNDLE_IDENTIFIER = com.seken.TakAssessimentUITests;
				PRODUCT_NAME = "$(TARGET_NAME)";
				SWIFT_EMIT_LOC_STRINGS = NO;
				SWIFT_VERSION = 5.0;
				TARGETED_DEVICE_FAMILY = "1,2";
				TEST_TARGET_NAME = TakAssessiment;
			};
			name = Debug;
		};
		813B04BF2713FDC200F484B2 /* Release */ = {
			isa = XCBuildConfiguration;
			buildSettings = {
				ALWAYS_EMBED_SWIFT_STANDARD_LIBRARIES = YES;
				CODE_SIGN_STYLE = Automatic;
				CURRENT_PROJECT_VERSION = 1;
				GENERATE_INFOPLIST_FILE = YES;
				LD_RUNPATH_SEARCH_PATHS = (
					"$(inherited)",
					"@executable_path/Frameworks",
					"@loader_path/Frameworks",
				);
				MARKETING_VERSION = 1.0;
				PRODUCT_BUNDLE_IDENTIFIER = com.seken.TakAssessimentUITests;
				PRODUCT_NAME = "$(TARGET_NAME)";
				SWIFT_EMIT_LOC_STRINGS = NO;
				SWIFT_VERSION = 5.0;
				TARGETED_DEVICE_FAMILY = "1,2";
				TEST_TARGET_NAME = TakAssessiment;
			};
			name = Release;
		};
/* End XCBuildConfiguration section */

/* Begin XCConfigurationList section */
		813B04882713FDB700F484B2 /* Build configuration list for PBXProject "TakAssessiment" */ = {
			isa = XCConfigurationList;
			buildConfigurations = (
				813B04B52713FDC200F484B2 /* Debug */,
				813B04B62713FDC200F484B2 /* Release */,
			);
			defaultConfigurationIsVisible = 0;
			defaultConfigurationName = Release;
		};
		813B04B72713FDC200F484B2 /* Build configuration list for PBXNativeTarget "TakAssessiment" */ = {
			isa = XCConfigurationList;
			buildConfigurations = (
				813B04B82713FDC200F484B2 /* Debug */,
				813B04B92713FDC200F484B2 /* Release */,
			);
			defaultConfigurationIsVisible = 0;
			defaultConfigurationName = Release;
		};
		813B04BA2713FDC200F484B2 /* Build configuration list for PBXNativeTarget "TakAssessimentTests" */ = {
			isa = XCConfigurationList;
			buildConfigurations = (
				813B04BB2713FDC200F484B2 /* Debug */,
				813B04BC2713FDC200F484B2 /* Release */,
			);
			defaultConfigurationIsVisible = 0;
			defaultConfigurationName = Release;
		};
		813B04BD2713FDC200F484B2 /* Build configuration list for PBXNativeTarget "TakAssessimentUITests" */ = {
			isa = XCConfigurationList;
			buildConfigurations = (
				813B04BE2713FDC200F484B2 /* Debug */,
				813B04BF2713FDC200F484B2 /* Release */,
			);
			defaultConfigurationIsVisible = 0;
			defaultConfigurationName = Release;
		};
/* End XCConfigurationList section */
	};
	rootObject = 813B04852713FDB700F484B2 /* Project object */;
}
